
Microsoft Visual Studio Solution File, Format Version 12.00
# Visual Studio Version 17
VisualStudioVersion = 17.11.35303.130
MinimumVisualStudioVersion = 10.0.40219.1
Project("{9A19103F-16F7-4668-BE54-9A1E7A4F7556}") = "WebApi", "WebApi\WebApi.csproj", "{55F65172-0119-438B-8F1D-CA48877E0DE4}"
EndProject
Project("{9A19103F-16F7-4668-BE54-9A1E7A4F7556}") = "Entities", "Entities\Entities.csproj", "{D0BCD64E-7B1F-4208-8323-BBEB0304C1D4}"
EndProject
Project("{9A19103F-16F7-4668-BE54-9A1E7A4F7556}") = "Repositories", "Repositories\Repositories.csproj", "{35304528-7B4F-4B5E-9408-1F06838E7475}"
EndProject
Project("{9A19103F-16F7-4668-BE54-9A1E7A4F7556}") = "Services", "Services\Services.csproj", "{0A3E6353-61A9-4F9C-A4C1-9E1196AE921F}"
EndProject
Project("{FAE04EC0-301F-11D3-BF4B-00C04F79EFBC}") = "Presentation", "Presentation\Presentation.csproj", "{A5FA6B88-29CC-4E5B-AFDB-2AE46AD09EFB}"
EndProject
Global
	GlobalSection(SolutionConfigurationPlatforms) = preSolution
		Debug|Any CPU = Debug|Any CPU
		Release|Any CPU = Release|Any CPU
	EndGlobalSection
	GlobalSection(ProjectConfigurationPlatforms) = postSolution
		{55F65172-0119-438B-8F1D-CA48877E0DE4}.Debug|Any CPU.ActiveCfg = Debug|Any CPU
		{55F65172-0119-438B-8F1D-CA48877E0DE4}.Debug|Any CPU.Build.0 = Debug|Any CPU
		{55F65172-0119-438B-8F1D-CA48877E0DE4}.Release|Any CPU.ActiveCfg = Release|Any CPU
		{55F65172-0119-438B-8F1D-CA48877E0DE4}.Release|Any CPU.Build.0 = Release|Any CPU
		{D0BCD64E-7B1F-4208-8323-BBEB0304C1D4}.Debug|Any CPU.ActiveCfg = Debug|Any CPU
		{D0BCD64E-7B1F-4208-8323-BBEB0304C1D4}.Debug|Any CPU.Build.0 = Debug|Any CPU
		{D0BCD64E-7B1F-4208-8323-BBEB0304C1D4}.Release|Any CPU.ActiveCfg = Release|Any CPU
		{D0BCD64E-7B1F-4208-8323-BBEB0304C1D4}.Release|Any CPU.Build.0 = Release|Any CPU
		{35304528-7B4F-4B5E-9408-1F06838E7475}.Debug|Any CPU.ActiveCfg = Debug|Any CPU
		{35304528-7B4F-4B5E-9408-1F06838E7475}.Debug|Any CPU.Build.0 = Debug|Any CPU
		{35304528-7B4F-4B5E-9408-1F06838E7475}.Release|Any CPU.ActiveCfg = Release|Any CPU
		{35304528-7B4F-4B5E-9408-1F06838E7475}.Release|Any CPU.Build.0 = Release|Any CPU
		{0A3E6353-61A9-4F9C-A4C1-9E1196AE921F}.Debug|Any CPU.ActiveCfg = Debug|Any CPU
		{0A3E6353-61A9-4F9C-A4C1-9E1196AE921F}.Debug|Any CPU.Build.0 = Debug|Any CPU
		{0A3E6353-61A9-4F9C-A4C1-9E1196AE921F}.Release|Any CPU.ActiveCfg = Release|Any CPU
		{0A3E6353-61A9-4F9C-A4C1-9E1196AE921F}.Release|Any CPU.Build.0 = Release|Any CPU
		{A5FA6B88-29CC-4E5B-AFDB-2AE46AD09EFB}.Debug|Any CPU.ActiveCfg = Debug|Any CPU
		{A5FA6B88-29CC-4E5B-AFDB-2AE46AD09EFB}.Debug|Any CPU.Build.0 = Debug|Any CPU
		{A5FA6B88-29CC-4E5B-AFDB-2AE46AD09EFB}.Release|Any CPU.ActiveCfg = Release|Any CPU
		{A5FA6B88-29CC-4E5B-AFDB-2AE46AD09EFB}.Release|Any CPU.Build.0 = Release|Any CPU
	EndGlobalSection
	GlobalSection(SolutionProperties) = preSolution
		HideSolutionNode = FALSE
	EndGlobalSection
	GlobalSection(ExtensibilityGlobals) = postSolution
		SolutionGuid = {A82AE7C6-A459-4CFF-94B1-D314E5BA88FD}
	EndGlobalSection
EndGlobal
